
Microsoft Visual Studio Solution File, Format Version 12.00
# Visual Studio Version 17
VisualStudioVersion = 17.0.31903.59
MinimumVisualStudioVersion = 10.0.40219.1
Project("{2150E333-8FDC-42A3-9474-1A3956D46DE8}") = "src", "src", "{66C945EF-10E6-4A4D-8BA9-2C8C337027DD}"
EndProject
Project("{2150E333-8FDC-42A3-9474-1A3956D46DE8}") = "Common", "Common", "{BE1F813C-828E-48FE-A2F3-F6D06A996132}"
EndProject
Project("{FAE04EC0-301F-11D3-BF4B-00C04F79EFBC}") = "Trace.Common.Domain", "src\Common\Domain\Trace.Common.Domain.csproj", "{B1B3ADFE-E7C6-41EE-A0F0-4418D1123A33}"
EndProject
Project("{FAE04EC0-301F-11D3-BF4B-00C04F79EFBC}") = "Trace.Common.Standard", "src\Common\Standard\Trace.Common.Standard.csproj", "{F6317DB0-B824-4447-8641-3F9E6F1640B4}"
EndProject
Project("{FAE04EC0-301F-11D3-BF4B-00C04F79EFBC}") = "Trace.Common.Infrastructure", "src\Common\Infrastructure\Trace.Common.Infrastructure.csproj", "{AA25DFA3-D796-4724-B43D-B9A89213E1D2}"
EndProject
Project("{FAE04EC0-301F-11D3-BF4B-00C04F79EFBC}") = "Trace.Gateway", "src\Gateway\Trace.Gateway.csproj", "{93BD6E17-520B-4BC8-AB06-DDBD98071B03}"
EndProject
Project("{2150E333-8FDC-42A3-9474-1A3956D46DE8}") = "Service", "Service", "{FE3A2C65-67CE-400F-8C10-8D98BFC70C22}"
EndProject
Project("{FAE04EC0-301F-11D3-BF4B-00C04F79EFBC}") = "Trace.Service.Identity", "src\Service\Identity\Trace.Service.Identity.csproj", "{85E52FAC-FE26-4B12-AE56-5591EAD5D083}"
EndProject
Project("{FAE04EC0-301F-11D3-BF4B-00C04F79EFBC}") = "Trace.Service.Integration", "src\Service\Integration\Trace.Service.Integration.csproj", "{64967B52-9496-4120-AE3F-8E5BD3A1328A}"
EndProject
Project("{FAE04EC0-301F-11D3-BF4B-00C04F79EFBC}") = "Trace.Manager", "src\Manager\Trace.Manager.csproj", "{1135C0CA-0C67-47FF-B919-9EAA5068B809}"
EndProject
Project("{FAE04EC0-301F-11D3-BF4B-00C04F79EFBC}") = "Trace.Service.Operation", "src\Service\Operation\Trace.Service.Operation.csproj", "{DEC38774-BFB9-4338-A64A-750F0E5D7B72}"
EndProject
Project("{FAE04EC0-301F-11D3-BF4B-00C04F79EFBC}") = "Trace.Service.Route", "src\Service\Route\Trace.Service.Route.csproj", "{51D8B505-4BAB-477A-B818-60C80FA12A92}"
EndProject
Project("{FAE04EC0-301F-11D3-BF4B-00C04F79EFBC}") = "Trace.Service.Stream", "src\Service\Stream\Trace.Service.Stream.csproj", "{9AA60DF2-530E-43FE-B213-2A7D191B4E3F}"
EndProject
Project("{FAE04EC0-301F-11D3-BF4B-00C04F79EFBC}") = "Trace.Common.Service", "src\Common\Service\Trace.Common.Service.csproj", "{88496493-6B29-4C28-9258-C0C102F8406A}"
EndProject
Project("{FAE04EC0-301F-11D3-BF4B-00C04F79EFBC}") = "Trace.Client", "src\Client\Trace.Client.csproj", "{416967BF-9637-48DB-A1DF-11026548B843}"
EndProject
Project("{2150E333-8FDC-42A3-9474-1A3956D46DE8}") = "Solution Items", "Solution Items", "{A870AF4E-C158-44ED-8D5F-B173FB8944BB}"
	ProjectSection(SolutionItems) = preProject
		docker-compose.yml = docker-compose.yml
	EndProjectSection
EndProject
Project("{2150E333-8FDC-42A3-9474-1A3956D46DE8}") = "Shared", "Shared", "{A42780EB-1404-4A75-93D1-40A67D233247}"
EndProject
Project("{FAE04EC0-301F-11D3-BF4B-00C04F79EFBC}") = "Trace.Shared.Base", "src\Shared\Base\Trace.Shared.Base.csproj", "{F5FC37EF-780C-413E-B908-791E8904238B}"
EndProject
Project("{FAE04EC0-301F-11D3-BF4B-00C04F79EFBC}") = "Trace.Worker", "src\Worker\Trace.Worker.csproj", "{B986CC3B-9BFE-46B9-B5EF-E7408C091A0D}"
EndProject
Global
	GlobalSection(SolutionConfigurationPlatforms) = preSolution
		Debug|Any CPU = Debug|Any CPU
		Release|Any CPU = Release|Any CPU
	EndGlobalSection
	GlobalSection(SolutionProperties) = preSolution
		HideSolutionNode = FALSE
	EndGlobalSection
	GlobalSection(ProjectConfigurationPlatforms) = postSolution
		{B1B3ADFE-E7C6-41EE-A0F0-4418D1123A33}.Debug|Any CPU.ActiveCfg = Debug|Any CPU
		{B1B3ADFE-E7C6-41EE-A0F0-4418D1123A33}.Debug|Any CPU.Build.0 = Debug|Any CPU
		{B1B3ADFE-E7C6-41EE-A0F0-4418D1123A33}.Release|Any CPU.ActiveCfg = Release|Any CPU
		{B1B3ADFE-E7C6-41EE-A0F0-4418D1123A33}.Release|Any CPU.Build.0 = Release|Any CPU
		{F6317DB0-B824-4447-8641-3F9E6F1640B4}.Debug|Any CPU.ActiveCfg = Debug|Any CPU
		{F6317DB0-B824-4447-8641-3F9E6F1640B4}.Debug|Any CPU.Build.0 = Debug|Any CPU
		{F6317DB0-B824-4447-8641-3F9E6F1640B4}.Release|Any CPU.ActiveCfg = Release|Any CPU
		{F6317DB0-B824-4447-8641-3F9E6F1640B4}.Release|Any CPU.Build.0 = Release|Any CPU
		{AA25DFA3-D796-4724-B43D-B9A89213E1D2}.Debug|Any CPU.ActiveCfg = Debug|Any CPU
		{AA25DFA3-D796-4724-B43D-B9A89213E1D2}.Debug|Any CPU.Build.0 = Debug|Any CPU
		{AA25DFA3-D796-4724-B43D-B9A89213E1D2}.Release|Any CPU.ActiveCfg = Release|Any CPU
		{AA25DFA3-D796-4724-B43D-B9A89213E1D2}.Release|Any CPU.Build.0 = Release|Any CPU
		{93BD6E17-520B-4BC8-AB06-DDBD98071B03}.Debug|Any CPU.ActiveCfg = Debug|Any CPU
		{93BD6E17-520B-4BC8-AB06-DDBD98071B03}.Debug|Any CPU.Build.0 = Debug|Any CPU
		{93BD6E17-520B-4BC8-AB06-DDBD98071B03}.Release|Any CPU.ActiveCfg = Release|Any CPU
		{93BD6E17-520B-4BC8-AB06-DDBD98071B03}.Release|Any CPU.Build.0 = Release|Any CPU
		{85E52FAC-FE26-4B12-AE56-5591EAD5D083}.Debug|Any CPU.ActiveCfg = Debug|Any CPU
		{85E52FAC-FE26-4B12-AE56-5591EAD5D083}.Debug|Any CPU.Build.0 = Debug|Any CPU
		{85E52FAC-FE26-4B12-AE56-5591EAD5D083}.Release|Any CPU.ActiveCfg = Release|Any CPU
		{85E52FAC-FE26-4B12-AE56-5591EAD5D083}.Release|Any CPU.Build.0 = Release|Any CPU
		{64967B52-9496-4120-AE3F-8E5BD3A1328A}.Debug|Any CPU.ActiveCfg = Debug|Any CPU
		{64967B52-9496-4120-AE3F-8E5BD3A1328A}.Debug|Any CPU.Build.0 = Debug|Any CPU
		{64967B52-9496-4120-AE3F-8E5BD3A1328A}.Release|Any CPU.ActiveCfg = Release|Any CPU
		{64967B52-9496-4120-AE3F-8E5BD3A1328A}.Release|Any CPU.Build.0 = Release|Any CPU
		{1135C0CA-0C67-47FF-B919-9EAA5068B809}.Debug|Any CPU.ActiveCfg = Debug|Any CPU
		{1135C0CA-0C67-47FF-B919-9EAA5068B809}.Debug|Any CPU.Build.0 = Debug|Any CPU
		{1135C0CA-0C67-47FF-B919-9EAA5068B809}.Release|Any CPU.ActiveCfg = Release|Any CPU
		{1135C0CA-0C67-47FF-B919-9EAA5068B809}.Release|Any CPU.Build.0 = Release|Any CPU
		{DEC38774-BFB9-4338-A64A-750F0E5D7B72}.Debug|Any CPU.ActiveCfg = Debug|Any CPU
		{DEC38774-BFB9-4338-A64A-750F0E5D7B72}.Debug|Any CPU.Build.0 = Debug|Any CPU
		{DEC38774-BFB9-4338-A64A-750F0E5D7B72}.Release|Any CPU.ActiveCfg = Release|Any CPU
		{DEC38774-BFB9-4338-A64A-750F0E5D7B72}.Release|Any CPU.Build.0 = Release|Any CPU
		{51D8B505-4BAB-477A-B818-60C80FA12A92}.Debug|Any CPU.ActiveCfg = Debug|Any CPU
		{51D8B505-4BAB-477A-B818-60C80FA12A92}.Debug|Any CPU.Build.0 = Debug|Any CPU
		{51D8B505-4BAB-477A-B818-60C80FA12A92}.Release|Any CPU.ActiveCfg = Release|Any CPU
		{51D8B505-4BAB-477A-B818-60C80FA12A92}.Release|Any CPU.Build.0 = Release|Any CPU
		{9AA60DF2-530E-43FE-B213-2A7D191B4E3F}.Debug|Any CPU.ActiveCfg = Debug|Any CPU
		{9AA60DF2-530E-43FE-B213-2A7D191B4E3F}.Debug|Any CPU.Build.0 = Debug|Any CPU
		{9AA60DF2-530E-43FE-B213-2A7D191B4E3F}.Release|Any CPU.ActiveCfg = Release|Any CPU
		{9AA60DF2-530E-43FE-B213-2A7D191B4E3F}.Release|Any CPU.Build.0 = Release|Any CPU
		{88496493-6B29-4C28-9258-C0C102F8406A}.Debug|Any CPU.ActiveCfg = Debug|Any CPU
		{88496493-6B29-4C28-9258-C0C102F8406A}.Debug|Any CPU.Build.0 = Debug|Any CPU
		{88496493-6B29-4C28-9258-C0C102F8406A}.Release|Any CPU.ActiveCfg = Release|Any CPU
		{88496493-6B29-4C28-9258-C0C102F8406A}.Release|Any CPU.Build.0 = Release|Any CPU
		{416967BF-9637-48DB-A1DF-11026548B843}.Debug|Any CPU.ActiveCfg = Debug|Any CPU
		{416967BF-9637-48DB-A1DF-11026548B843}.Debug|Any CPU.Build.0 = Debug|Any CPU
		{416967BF-9637-48DB-A1DF-11026548B843}.Release|Any CPU.ActiveCfg = Release|Any CPU
		{416967BF-9637-48DB-A1DF-11026548B843}.Release|Any CPU.Build.0 = Release|Any CPU
		{F5FC37EF-780C-413E-B908-791E8904238B}.Debug|Any CPU.ActiveCfg = Debug|Any CPU
		{F5FC37EF-780C-413E-B908-791E8904238B}.Debug|Any CPU.Build.0 = Debug|Any CPU
		{F5FC37EF-780C-413E-B908-791E8904238B}.Release|Any CPU.ActiveCfg = Release|Any CPU
		{F5FC37EF-780C-413E-B908-791E8904238B}.Release|Any CPU.Build.0 = Release|Any CPU
		{B986CC3B-9BFE-46B9-B5EF-E7408C091A0D}.Debug|Any CPU.ActiveCfg = Debug|Any CPU
		{B986CC3B-9BFE-46B9-B5EF-E7408C091A0D}.Debug|Any CPU.Build.0 = Debug|Any CPU
		{B986CC3B-9BFE-46B9-B5EF-E7408C091A0D}.Release|Any CPU.ActiveCfg = Release|Any CPU
		{B986CC3B-9BFE-46B9-B5EF-E7408C091A0D}.Release|Any CPU.Build.0 = Release|Any CPU
	EndGlobalSection
	GlobalSection(NestedProjects) = preSolution
		{BE1F813C-828E-48FE-A2F3-F6D06A996132} = {66C945EF-10E6-4A4D-8BA9-2C8C337027DD}
		{B1B3ADFE-E7C6-41EE-A0F0-4418D1123A33} = {BE1F813C-828E-48FE-A2F3-F6D06A996132}
		{F6317DB0-B824-4447-8641-3F9E6F1640B4} = {BE1F813C-828E-48FE-A2F3-F6D06A996132}
		{AA25DFA3-D796-4724-B43D-B9A89213E1D2} = {BE1F813C-828E-48FE-A2F3-F6D06A996132}
		{93BD6E17-520B-4BC8-AB06-DDBD98071B03} = {66C945EF-10E6-4A4D-8BA9-2C8C337027DD}
		{FE3A2C65-67CE-400F-8C10-8D98BFC70C22} = {66C945EF-10E6-4A4D-8BA9-2C8C337027DD}
		{85E52FAC-FE26-4B12-AE56-5591EAD5D083} = {FE3A2C65-67CE-400F-8C10-8D98BFC70C22}
		{64967B52-9496-4120-AE3F-8E5BD3A1328A} = {FE3A2C65-67CE-400F-8C10-8D98BFC70C22}
		{DEC38774-BFB9-4338-A64A-750F0E5D7B72} = {FE3A2C65-67CE-400F-8C10-8D98BFC70C22}
		{51D8B505-4BAB-477A-B818-60C80FA12A92} = {FE3A2C65-67CE-400F-8C10-8D98BFC70C22}
		{9AA60DF2-530E-43FE-B213-2A7D191B4E3F} = {FE3A2C65-67CE-400F-8C10-8D98BFC70C22}
		{88496493-6B29-4C28-9258-C0C102F8406A} = {BE1F813C-828E-48FE-A2F3-F6D06A996132}
		{1135C0CA-0C67-47FF-B919-9EAA5068B809} = {66C945EF-10E6-4A4D-8BA9-2C8C337027DD}
		{416967BF-9637-48DB-A1DF-11026548B843} = {66C945EF-10E6-4A4D-8BA9-2C8C337027DD}
		{A42780EB-1404-4A75-93D1-40A67D233247} = {66C945EF-10E6-4A4D-8BA9-2C8C337027DD}
		{F5FC37EF-780C-413E-B908-791E8904238B} = {A42780EB-1404-4A75-93D1-40A67D233247}
		{B986CC3B-9BFE-46B9-B5EF-E7408C091A0D} = {66C945EF-10E6-4A4D-8BA9-2C8C337027DD}
	EndGlobalSection
EndGlobal
